// !$*UTF8*$!
{
	archiveVersion = 1;
	classes = {
	};
	objectVersion = 46;
	objects = {

/* Begin PBXBuildFile section */
		D24064E71D16A6CA00CA8931 /* main.m in Sources */ = {isa = PBXBuildFile; fileRef = D24064E61D16A6CA00CA8931 /* main.m */; };
		D24064EA1D16A6CA00CA8931 /* AppDelegate.m in Sources */ = {isa = PBXBuildFile; fileRef = D24064E91D16A6CA00CA8931 /* AppDelegate.m */; };
		D24064ED1D16A6CA00CA8931 /* FirstViewController.m in Sources */ = {isa = PBXBuildFile; fileRef = D24064EC1D16A6CA00CA8931 /* FirstViewController.m */; };
		D24064F01D16A6CA00CA8931 /* SecondViewController.m in Sources */ = {isa = PBXBuildFile; fileRef = D24064EF1D16A6CA00CA8931 /* SecondViewController.m */; };
		D24064F31D16A6CA00CA8931 /* Main.storyboard in Resources */ = {isa = PBXBuildFile; fileRef = D24064F11D16A6CA00CA8931 /* Main.storyboard */; };
		D24064F51D16A6CA00CA8931 /* Assets.xcassets in Resources */ = {isa = PBXBuildFile; fileRef = D24064F41D16A6CA00CA8931 /* Assets.xcassets */; };
		D24064F81D16A6CA00CA8931 /* LaunchScreen.storyboard in Resources */ = {isa = PBXBuildFile; fileRef = D24064F61D16A6CA00CA8931 /* LaunchScreen.storyboard */; };
		D24065031D16A6CA00CA8931 /* DogAppTests.m in Sources */ = {isa = PBXBuildFile; fileRef = D24065021D16A6CA00CA8931 /* DogAppTests.m */; };
		D240650E1D16A6CA00CA8931 /* DogAppUITests.m in Sources */ = {isa = PBXBuildFile; fileRef = D240650D1D16A6CA00CA8931 /* DogAppUITests.m */; };
/* End PBXBuildFile section */

/* Begin PBXContainerItemProxy section */
		D24064FF1D16A6CA00CA8931 /* PBXContainerItemProxy */ = {
			isa = PBXContainerItemProxy;
			containerPortal = D24064DA1D16A6CA00CA8931 /* Project object */;
			proxyType = 1;
			remoteGlobalIDString = D24064E11D16A6CA00CA8931;
			remoteInfo = DogApp;
		};
		D240650A1D16A6CA00CA8931 /* PBXContainerItemProxy */ = {
			isa = PBXContainerItemProxy;
			containerPortal = D24064DA1D16A6CA00CA8931 /* Project object */;
			proxyType = 1;
			remoteGlobalIDString = D24064E11D16A6CA00CA8931;
			remoteInfo = DogApp;
		};
/* End PBXContainerItemProxy section */

/* Begin PBXFileReference section */
		D24064E21D16A6CA00CA8931 /* DogApp.app */ = {isa = PBXFileReference; explicitFileType = wrapper.application; includeInIndex = 0; path = DogApp.app; sourceTree = BUILT_PRODUCTS_DIR; };
		D24064E61D16A6CA00CA8931 /* main.m */ = {isa = PBXFileReference; lastKnownFileType = sourcecode.c.objc; path = main.m; sourceTree = "<group>"; };
		D24064E81D16A6CA00CA8931 /* AppDelegate.h */ = {isa = PBXFileReference; lastKnownFileType = sourcecode.c.h; path = AppDelegate.h; sourceTree = "<group>"; };
		D24064E91D16A6CA00CA8931 /* AppDelegate.m */ = {isa = PBXFileReference; lastKnownFileType = sourcecode.c.objc; path = AppDelegate.m; sourceTree = "<group>"; };
		D24064EB1D16A6CA00CA8931 /* FirstViewController.h */ = {isa = PBXFileReference; lastKnownFileType = sourcecode.c.h; path = FirstViewController.h; sourceTree = "<group>"; };
		D24064EC1D16A6CA00CA8931 /* FirstViewController.m */ = {isa = PBXFileReference; lastKnownFileType = sourcecode.c.objc; path = FirstViewController.m; sourceTree = "<group>"; };
		D24064EE1D16A6CA00CA8931 /* SecondViewController.h */ = {isa = PBXFileReference; lastKnownFileType = sourcecode.c.h; path = SecondViewController.h; sourceTree = "<group>"; };
		D24064EF1D16A6CA00CA8931 /* SecondViewController.m */ = {isa = PBXFileReference; lastKnownFileType = sourcecode.c.objc; path = SecondViewController.m; sourceTree = "<group>"; };
		D24064F21D16A6CA00CA8931 /* Base */ = {isa = PBXFileReference; lastKnownFileType = file.storyboard; name = Base; path = Base.lproj/Main.storyboard; sourceTree = "<group>"; };
		D24064F41D16A6CA00CA8931 /* Assets.xcassets */ = {isa = PBXFileReference; lastKnownFileType = folder.assetcatalog; path = Assets.xcassets; sourceTree = "<group>"; };
		D24064F71D16A6CA00CA8931 /* Base */ = {isa = PBXFileReference; lastKnownFileType = file.storyboard; name = Base; path = Base.lproj/LaunchScreen.storyboard; sourceTree = "<group>"; };
		D24064F91D16A6CA00CA8931 /* Info.plist */ = {isa = PBXFileReference; lastKnownFileType = text.plist.xml; path = Info.plist; sourceTree = "<group>"; };
		D24064FE1D16A6CA00CA8931 /* DogAppTests.xctest */ = {isa = PBXFileReference; explicitFileType = wrapper.cfbundle; includeInIndex = 0; path = DogAppTests.xctest; sourceTree = BUILT_PRODUCTS_DIR; };
		D24065021D16A6CA00CA8931 /* DogAppTests.m */ = {isa = PBXFileReference; lastKnownFileType = sourcecode.c.objc; path = DogAppTests.m; sourceTree = "<group>"; };
		D24065041D16A6CA00CA8931 /* Info.plist */ = {isa = PBXFileReference; lastKnownFileType = text.plist.xml; path = Info.plist; sourceTree = "<group>"; };
		D24065091D16A6CA00CA8931 /* DogAppUITests.xctest */ = {isa = PBXFileReference; explicitFileType = wrapper.cfbundle; includeInIndex = 0; path = DogAppUITests.xctest; sourceTree = BUILT_PRODUCTS_DIR; };
		D240650D1D16A6CA00CA8931 /* DogAppUITests.m */ = {isa = PBXFileReference; lastKnownFileType = sourcecode.c.objc; path = DogAppUITests.m; sourceTree = "<group>"; };
		D240650F1D16A6CA00CA8931 /* Info.plist */ = {isa = PBXFileReference; lastKnownFileType = text.plist.xml; path = Info.plist; sourceTree = "<group>"; };
/* End PBXFileReference section */

/* Begin PBXFrameworksBuildPhase section */
		D24064DF1D16A6CA00CA8931 /* Frameworks */ = {
			isa = PBXFrameworksBuildPhase;
			buildActionMask = 2147483647;
			files = (
			);
			runOnlyForDeploymentPostprocessing = 0;
		};
		D24064FB1D16A6CA00CA8931 /* Frameworks */ = {
			isa = PBXFrameworksBuildPhase;
			buildActionMask = 2147483647;
			files = (
			);
			runOnlyForDeploymentPostprocessing = 0;
		};
		D24065061D16A6CA00CA8931 /* Frameworks */ = {
			isa = PBXFrameworksBuildPhase;
			buildActionMask = 2147483647;
			files = (
			);
			runOnlyForDeploymentPostprocessing = 0;
		};
/* End PBXFrameworksBuildPhase section */

/* Begin PBXGroup section */
		D24064D91D16A6CA00CA8931 = {
			isa = PBXGroup;
			children = (
				D24064E41D16A6CA00CA8931 /* DogApp */,
				D24065011D16A6CA00CA8931 /* DogAppTests */,
				D240650C1D16A6CA00CA8931 /* DogAppUITests */,
				D24064E31D16A6CA00CA8931 /* Products */,
			);
			sourceTree = "<group>";
		};
		D24064E31D16A6CA00CA8931 /* Products */ = {
			isa = PBXGroup;
			children = (
				D24064E21D16A6CA00CA8931 /* DogApp.app */,
				D24064FE1D16A6CA00CA8931 /* DogAppTests.xctest */,
				D24065091D16A6CA00CA8931 /* DogAppUITests.xctest */,
			);
			name = Products;
			sourceTree = "<group>";
		};
		D24064E41D16A6CA00CA8931 /* DogApp */ = {
			isa = PBXGroup;
			children = (
				D24064E81D16A6CA00CA8931 /* AppDelegate.h */,
				D24064E91D16A6CA00CA8931 /* AppDelegate.m */,
				D24064EB1D16A6CA00CA8931 /* FirstViewController.h */,
				D24064EC1D16A6CA00CA8931 /* FirstViewController.m */,
				D24064EE1D16A6CA00CA8931 /* SecondViewController.h */,
				D24064EF1D16A6CA00CA8931 /* SecondViewController.m */,
				D24064F11D16A6CA00CA8931 /* Main.storyboard */,
				D24064F41D16A6CA00CA8931 /* Assets.xcassets */,
				D24064F61D16A6CA00CA8931 /* LaunchScreen.storyboard */,
				D24064F91D16A6CA00CA8931 /* Info.plist */,
				D24064E51D16A6CA00CA8931 /* Supporting Files */,
			);
			path = DogApp;
			sourceTree = "<group>";
		};
		D24064E51D16A6CA00CA8931 /* Supporting Files */ = {
			isa = PBXGroup;
			children = (
				D24064E61D16A6CA00CA8931 /* main.m */,
			);
			name = "Supporting Files";
			sourceTree = "<group>";
		};
		D24065011D16A6CA00CA8931 /* DogAppTests */ = {
			isa = PBXGroup;
			children = (
				D24065021D16A6CA00CA8931 /* DogAppTests.m */,
				D24065041D16A6CA00CA8931 /* Info.plist */,
			);
			path = DogAppTests;
			sourceTree = "<group>";
		};
		D240650C1D16A6CA00CA8931 /* DogAppUITests */ = {
			isa = PBXGroup;
			children = (
				D240650D1D16A6CA00CA8931 /* DogAppUITests.m */,
				D240650F1D16A6CA00CA8931 /* Info.plist */,
			);
			path = DogAppUITests;
			sourceTree = "<group>";
		};
/* End PBXGroup section */

/* Begin PBXNativeTarget section */
		D24064E11D16A6CA00CA8931 /* DogApp */ = {
			isa = PBXNativeTarget;
			buildConfigurationList = D24065121D16A6CA00CA8931 /* Build configuration list for PBXNativeTarget "DogApp" */;
			buildPhases = (
				D24064DE1D16A6CA00CA8931 /* Sources */,
				D24064DF1D16A6CA00CA8931 /* Frameworks */,
				D24064E01D16A6CA00CA8931 /* Resources */,
			);
			buildRules = (
			);
			dependencies = (
			);
			name = DogApp;
			productName = DogApp;
			productReference = D24064E21D16A6CA00CA8931 /* DogApp.app */;
			productType = "com.apple.product-type.application";
		};
		D24064FD1D16A6CA00CA8931 /* DogAppTests */ = {
			isa = PBXNativeTarget;
			buildConfigurationList = D24065151D16A6CA00CA8931 /* Build configuration list for PBXNativeTarget "DogAppTests" */;
			buildPhases = (
				D24064FA1D16A6CA00CA8931 /* Sources */,
				D24064FB1D16A6CA00CA8931 /* Frameworks */,
				D24064FC1D16A6CA00CA8931 /* Resources */,
			);
			buildRules = (
			);
			dependencies = (
				D24065001D16A6CA00CA8931 /* PBXTargetDependency */,
			);
			name = DogAppTests;
			productName = DogAppTests;
			productReference = D24064FE1D16A6CA00CA8931 /* DogAppTests.xctest */;
			productType = "com.apple.product-type.bundle.unit-test";
		};
		D24065081D16A6CA00CA8931 /* DogAppUITests */ = {
			isa = PBXNativeTarget;
			buildConfigurationList = D24065181D16A6CA00CA8931 /* Build configuration list for PBXNativeTarget "DogAppUITests" */;
			buildPhases = (
				D24065051D16A6CA00CA8931 /* Sources */,
				D24065061D16A6CA00CA8931 /* Frameworks */,
				D24065071D16A6CA00CA8931 /* Resources */,
			);
			buildRules = (
			);
			dependencies = (
				D240650B1D16A6CA00CA8931 /* PBXTargetDependency */,
			);
			name = DogAppUITests;
			productName = DogAppUITests;
			productReference = D24065091D16A6CA00CA8931 /* DogAppUITests.xctest */;
			productType = "com.apple.product-type.bundle.ui-testing";
		};
/* End PBXNativeTarget section */

/* Begin PBXProject section */
		D24064DA1D16A6CA00CA8931 /* Project object */ = {
			isa = PBXProject;
			attributes = {
				LastUpgradeCheck = 0730;
				ORGANIZATIONNAME = "Dusan Stanojevic";
				TargetAttributes = {
					D24064E11D16A6CA00CA8931 = {
						CreatedOnToolsVersion = 7.3.1;
						DevelopmentTeam = KV6K5EZAK8;
					};
					D24064FD1D16A6CA00CA8931 = {
						CreatedOnToolsVersion = 7.3.1;
						DevelopmentTeam = KV6K5EZAK8;
						TestTargetID = D24064E11D16A6CA00CA8931;
					};
					D24065081D16A6CA00CA8931 = {
						CreatedOnToolsVersion = 7.3.1;
						DevelopmentTeam = KV6K5EZAK8;
						TestTargetID = D24064E11D16A6CA00CA8931;
					};
				};
			};
			buildConfigurationList = D24064DD1D16A6CA00CA8931 /* Build configuration list for PBXProject "DogApp" */;
			compatibilityVersion = "Xcode 3.2";
			developmentRegion = English;
			hasScannedForEncodings = 0;
			knownRegions = (
				en,
				Base,
			);
			mainGroup = D24064D91D16A6CA00CA8931;
			productRefGroup = D24064E31D16A6CA00CA8931 /* Products */;
			projectDirPath = "";
			projectRoot = "";
			targets = (
				D24064E11D16A6CA00CA8931 /* DogApp */,
				D24064FD1D16A6CA00CA8931 /* DogAppTests */,
				D24065081D16A6CA00CA8931 /* DogAppUITests */,
			);
		};
/* End PBXProject section */

/* Begin PBXResourcesBuildPhase section */
		D24064E01D16A6CA00CA8931 /* Resources */ = {
			isa = PBXResourcesBuildPhase;
			buildActionMask = 2147483647;
			files = (
				D24064F81D16A6CA00CA8931 /* LaunchScreen.storyboard in Resources */,
				D24064F51D16A6CA00CA8931 /* Assets.xcassets in Resources */,
				D24064F31D16A6CA00CA8931 /* Main.storyboard in Resources */,
			);
			runOnlyForDeploymentPostprocessing = 0;
		};
		D24064FC1D16A6CA00CA8931 /* Resources */ = {
			isa = PBXResourcesBuildPhase;
			buildActionMask = 2147483647;
			files = (
			);
			runOnlyForDeploymentPostprocessing = 0;
		};
		D24065071D16A6CA00CA8931 /* Resources */ = {
			isa = PBXResourcesBuildPhase;
			buildActionMask = 2147483647;
			files = (
			);
			runOnlyForDeploymentPostprocessing = 0;
		};
/* End PBXResourcesBuildPhase section */

/* Begin PBXSourcesBuildPhase section */
		D24064DE1D16A6CA00CA8931 /* Sources */ = {
			isa = PBXSourcesBuildPhase;
			buildActionMask = 2147483647;
			files = (
				D24064F01D16A6CA00CA8931 /* SecondViewController.m in Sources */,
				D24064EA1D16A6CA00CA8931 /* AppDelegate.m in Sources */,
				D24064ED1D16A6CA00CA8931 /* FirstViewController.m in Sources */,
				D24064E71D16A6CA00CA8931 /* main.m in Sources */,
			);
			runOnlyForDeploymentPostprocessing = 0;
		};
		D24064FA1D16A6CA00CA8931 /* Sources */ = {
			isa = PBXSourcesBuildPhase;
			buildActionMask = 2147483647;
			files = (
				D24065031D16A6CA00CA8931 /* DogAppTests.m in Sources */,
			);
			runOnlyForDeploymentPostprocessing = 0;
		};
		D24065051D16A6CA00CA8931 /* Sources */ = {
			isa = PBXSourcesBuildPhase;
			buildActionMask = 2147483647;
			files = (
				D240650E1D16A6CA00CA8931 /* DogAppUITests.m in Sources */,
			);
			runOnlyForDeploymentPostprocessing = 0;
		};
/* End PBXSourcesBuildPhase section */

/* Begin PBXTargetDependency section */
		D24065001D16A6CA00CA8931 /* PBXTargetDependency */ = {
			isa = PBXTargetDependency;
			target = D24064E11D16A6CA00CA8931 /* DogApp */;
			targetProxy = D24064FF1D16A6CA00CA8931 /* PBXContainerItemProxy */;
		};
		D240650B1D16A6CA00CA8931 /* PBXTargetDependency */ = {
			isa = PBXTargetDependency;
			target = D24064E11D16A6CA00CA8931 /* DogApp */;
			targetProxy = D240650A1D16A6CA00CA8931 /* PBXContainerItemProxy */;
		};
/* End PBXTargetDependency section */

/* Begin PBXVariantGroup section */
		D24064F11D16A6CA00CA8931 /* Main.storyboard */ = {
			isa = PBXVariantGroup;
			children = (
				D24064F21D16A6CA00CA8931 /* Base */,
			);
			name = Main.storyboard;
			sourceTree = "<group>";
		};
		D24064F61D16A6CA00CA8931 /* LaunchScreen.storyboard */ = {
			isa = PBXVariantGroup;
			children = (
				D24064F71D16A6CA00CA8931 /* Base */,
			);
			name = LaunchScreen.storyboard;
			sourceTree = "<group>";
		};
/* End PBXVariantGroup section */

/* Begin XCBuildConfiguration section */
		D24065101D16A6CA00CA8931 /* Debug */ = {
			isa = XCBuildConfiguration;
			buildSettings = {
				ALWAYS_SEARCH_USER_PATHS = NO;
				CLANG_ANALYZER_NONNULL = YES;
				CLANG_CXX_LANGUAGE_STANDARD = "gnu++0x";
				CLANG_CXX_LIBRARY = "libc++";
				CLANG_ENABLE_MODULES = YES;
				CLANG_ENABLE_OBJC_ARC = YES;
				CLANG_WARN_BOOL_CONVERSION = YES;
				CLANG_WARN_CONSTANT_CONVERSION = YES;
				CLANG_WARN_DIRECT_OBJC_ISA_USAGE = YES_ERROR;
				CLANG_WARN_EMPTY_BODY = YES;
				CLANG_WARN_ENUM_CONVERSION = YES;
				CLANG_WARN_INT_CONVERSION = YES;
				CLANG_WARN_OBJC_ROOT_CLASS = YES_ERROR;
				CLANG_WARN_UNREACHABLE_CODE = YES;
				CLANG_WARN__DUPLICATE_METHOD_MATCH = YES;
				"CODE_SIGN_IDENTITY[sdk=iphoneos*]" = "iPhone Developer";
				COPY_PHASE_STRIP = NO;
				DEBUG_INFORMATION_FORMAT = dwarf;
				ENABLE_STRICT_OBJC_MSGSEND = YES;
				ENABLE_TESTABILITY = YES;
				GCC_C_LANGUAGE_STANDARD = gnu99;
				GCC_DYNAMIC_NO_PIC = NO;
				GCC_NO_COMMON_BLOCKS = YES;
				GCC_OPTIMIZATION_LEVEL = 0;
				GCC_PREPROCESSOR_DEFINITIONS = (
					"DEBUG=1",
					"$(inherited)",
				);
				GCC_WARN_64_TO_32_BIT_CONVERSION = YES;
				GCC_WARN_ABOUT_RETURN_TYPE = YES_ERROR;
				GCC_WARN_UNDECLARED_SELECTOR = YES;
				GCC_WARN_UNINITIALIZED_AUTOS = YES_AGGRESSIVE;
				GCC_WARN_UNUSED_FUNCTION = YES;
				GCC_WARN_UNUSED_VARIABLE = YES;
				IPHONEOS_DEPLOYMENT_TARGET = 9.3;
				MTL_ENABLE_DEBUG_INFO = YES;
				ONLY_ACTIVE_ARCH = YES;
				SDKROOT = iphoneos;
				TARGETED_DEVICE_FAMILY = "1,2";
			};
			name = Debug;
		};
		D24065111D16A6CA00CA8931 /* Release */ = {
			isa = XCBuildConfiguration;
			buildSettings = {
				ALWAYS_SEARCH_USER_PATHS = NO;
				CLANG_ANALYZER_NONNULL = YES;
				CLANG_CXX_LANGUAGE_STANDARD = "gnu++0x";
				CLANG_CXX_LIBRARY = "libc++";
				CLANG_ENABLE_MODULES = YES;
				CLANG_ENABLE_OBJC_ARC = YES;
				CLANG_WARN_BOOL_CONVERSION = YES;
				CLANG_WARN_CONSTANT_CONVERSION = YES;
				CLANG_WARN_DIRECT_OBJC_ISA_USAGE = YES_ERROR;
				CLANG_WARN_EMPTY_BODY = YES;
				CLANG_WARN_ENUM_CONVERSION = YES;
				CLANG_WARN_INT_CONVERSION = YES;
				CLANG_WARN_OBJC_ROOT_CLASS = YES_ERROR;
				CLANG_WARN_UNREACHABLE_CODE = YES;
				CLANG_WARN__DUPLICATE_METHOD_MATCH = YES;
				"CODE_SIGN_IDENTITY[sdk=iphoneos*]" = "iPhone Developer";
				COPY_PHASE_STRIP = NO;
				DEBUG_INFORMATION_FORMAT = "dwarf-with-dsym";
				ENABLE_NS_ASSERTIONS = NO;
				ENABLE_STRICT_OBJC_MSGSEND = YES;
				GCC_C_LANGUAGE_STANDARD = gnu99;
				GCC_NO_COMMON_BLOCKS = YES;
				GCC_WARN_64_TO_32_BIT_CONVERSION = YES;
				GCC_WARN_ABOUT_RETURN_TYPE = YES_ERROR;
				GCC_WARN_UNDECLARED_SELECTOR = YES;
				GCC_WARN_UNINITIALIZED_AUTOS = YES_AGGRESSIVE;
				GCC_WARN_UNUSED_FUNCTION = YES;
				GCC_WARN_UNUSED_VARIABLE = YES;
				IPHONEOS_DEPLOYMENT_TARGET = 9.3;
				MTL_ENABLE_DEBUG_INFO = NO;
				SDKROOT = iphoneos;
				TARGETED_DEVICE_FAMILY = "1,2";
				VALIDATE_PRODUCT = YES;
			};
			name = Release;
		};
		D24065131D16A6CA00CA8931 /* Debug */ = {
			isa = XCBuildConfiguration;
			buildSettings = {
				ASSETCATALOG_COMPILER_APPICON_NAME = AppIcon;
				INFOPLIST_FILE = DogApp/Info.plist;
				LD_RUNPATH_SEARCH_PATHS = "$(inherited) @executable_path/Frameworks";
				PRODUCT_BUNDLE_IDENTIFIER = com.levelup.DogApp;
				PRODUCT_NAME = "$(TARGET_NAME)";
			};
			name = Debug;
		};
		D24065141D16A6CA00CA8931 /* Release */ = {
			isa = XCBuildConfiguration;
			buildSettings = {
				ASSETCATALOG_COMPILER_APPICON_NAME = AppIcon;
				INFOPLIST_FILE = DogApp/Info.plist;
				LD_RUNPATH_SEARCH_PATHS = "$(inherited) @executable_path/Frameworks";
				PRODUCT_BUNDLE_IDENTIFIER = com.levelup.DogApp;
				PRODUCT_NAME = "$(TARGET_NAME)";
			};
			name = Release;
		};
		D24065161D16A6CA00CA8931 /* Debug */ = {
			isa = XCBuildConfiguration;
			buildSettings = {
				BUNDLE_LOADER = "$(TEST_HOST)";
				INFOPLIST_FILE = DogAppTests/Info.plist;
				LD_RUNPATH_SEARCH_PATHS = "$(inherited) @executable_path/Frameworks @loader_path/Frameworks";
				PRODUCT_BUNDLE_IDENTIFIER = com.levelup.DogAppTests;
				PRODUCT_NAME = "$(TARGET_NAME)";
				TEST_HOST = "$(BUILT_PRODUCTS_DIR)/DogApp.app/DogApp";
			};
			name = Debug;
		};
		D24065171D16A6CA00CA8931 /* Release */ = {
			isa = XCBuildConfiguration;
			buildSettings = {
				BUNDLE_LOADER = "$(TEST_HOST)";
				INFOPLIST_FILE = DogAppTests/Info.plist;
				LD_RUNPATH_SEARCH_PATHS = "$(inherited) @executable_path/Frameworks @loader_path/Frameworks";
				PRODUCT_BUNDLE_IDENTIFIER = com.levelup.DogAppTests;
				PRODUCT_NAME = "$(TARGET_NAME)";
				TEST_HOST = "$(BUILT_PRODUCTS_DIR)/DogApp.app/DogApp";
			};
			name = Release;
		};
		D24065191D16A6CA00CA8931 /* Debug */ = {
			isa = XCBuildConfiguration;
			buildSettings = {
				INFOPLIST_FILE = DogAppUITests/Info.plist;
				LD_RUNPATH_SEARCH_PATHS = "$(inherited) @executable_path/Frameworks @loader_path/Frameworks";
				PRODUCT_BUNDLE_IDENTIFIER = com.levelup.DogAppUITests;
				PRODUCT_NAME = "$(TARGET_NAME)";
				TEST_TARGET_NAME = DogApp;
			};
			name = Debug;
		};
		D240651A1D16A6CA00CA8931 /* Release */ = {
			isa = XCBuildConfiguration;
			buildSettings = {
				INFOPLIST_FILE = DogAppUITests/Info.plist;
				LD_RUNPATH_SEARCH_PATHS = "$(inherited) @executable_path/Frameworks @loader_path/Frameworks";
				PRODUCT_BUNDLE_IDENTIFIER = com.levelup.DogAppUITests;
				PRODUCT_NAME = "$(TARGET_NAME)";
				TEST_TARGET_NAME = DogApp;
			};
			name = Release;
		};
/* End XCBuildConfiguration section */

/* Begin XCConfigurationList section */
		D24064DD1D16A6CA00CA8931 /* Build configuration list for PBXProject "DogApp" */ = {
			isa = XCConfigurationList;
			buildConfigurations = (
				D24065101D16A6CA00CA8931 /* Debug */,
				D24065111D16A6CA00CA8931 /* Release */,
			);
			defaultConfigurationIsVisible = 0;
			defaultConfigurationName = Release;
		};
		D24065121D16A6CA00CA8931 /* Build configuration list for PBXNativeTarget "DogApp" */ = {
			isa = XCConfigurationList;
			buildConfigurations = (
				D24065131D16A6CA00CA8931 /* Debug */,
				D24065141D16A6CA00CA8931 /* Release */,
			);
			defaultConfigurationIsVisible = 0;
		};
		D24065151D16A6CA00CA8931 /* Build configuration list for PBXNativeTarget "DogAppTests" */ = {
			isa = XCConfigurationList;
			buildConfigurations = (
				D24065161D16A6CA00CA8931 /* Debug */,
				D24065171D16A6CA00CA8931 /* Release */,
			);
			defaultConfigurationIsVisible = 0;
		};
		D24065181D16A6CA00CA8931 /* Build configuration list for PBXNativeTarget "DogAppUITests" */ = {
			isa = XCConfigurationList;
			buildConfigurations = (
				D24065191D16A6CA00CA8931 /* Debug */,
				D240651A1D16A6CA00CA8931 /* Release */,
			);
			defaultConfigurationIsVisible = 0;
		};
/* End XCConfigurationList section */
	};
	rootObject = D24064DA1D16A6CA00CA8931 /* Project object */;
}
